
Microsoft Visual Studio Solution File, Format Version 12.00
# Visual Studio 2013
VisualStudioVersion = 12.0.30723.0
MinimumVisualStudioVersion = 10.0.40219.1
Project("{2150E333-8FDC-42A3-9474-1A3956D46DE8}") = "ConferenceManagement", "ConferenceManagement", "{C73C67CA-77D4-4EBC-B5FE-38CD408EF39B}"
EndProject
Project("{FAE04EC0-301F-11D3-BF4B-00C04F79EFBC}") = "Conference", "Conference\Conference.csproj", "{2FF53454-A945-4F9C-8059-56D2136955F1}"
EndProject
Project("{FAE04EC0-301F-11D3-BF4B-00C04F79EFBC}") = "Conference.Web.Admin", "Conference.Web.Admin\Conference.Web.Admin.csproj", "{5D34BFEF-0671-43BB-8D24-7329BF44B5E5}"
EndProject
Project("{FAE04EC0-301F-11D3-BF4B-00C04F79EFBC}") = "Conference.Common", "Conference.Common\Conference.Common.csproj", "{4677D1A3-E84C-491A-85C1-1071F9D7B529}"
EndProject
Project("{FAE04EC0-301F-11D3-BF4B-00C04F79EFBC}") = "Infrastructure", "Infrastructure\Infrastructure.csproj", "{2BB0661A-7AD4-4AC5-AF27-B5E88D4CF5A1}"
EndProject
Project("{FAE04EC0-301F-11D3-BF4B-00C04F79EFBC}") = "Conference.Contracts", "Conference.Contracts\Conference.Contracts.csproj", "{B0676145-5B60-4702-A490-3109B2C22874}"
EndProject
Project("{FAE04EC0-301F-11D3-BF4B-00C04F79EFBC}") = "Conference.IntegrationTests", "Conference.IntegrationTests\Conference.IntegrationTests.csproj", "{B62325D2-0D3B-4510-9A4C-FD1E8F4094BB}"
EndProject
Project("{2150E333-8FDC-42A3-9474-1A3956D46DE8}") = "Infrastructure", "Infrastructure", "{AE1F08F4-6911-4330-8DF0-01FB75AE9B70}"
EndProject
Project("{FAE04EC0-301F-11D3-BF4B-00C04F79EFBC}") = "Infrastructure.Tests", "Infrastructure.Tests\Infrastructure.Tests.csproj", "{49EC4B38-E946-4114-9DFD-1BEFDC88F5F1}"
EndProject
Project("{FAE04EC0-301F-11D3-BF4B-00C04F79EFBC}") = "Infrastructure.Sql", "Infrastructure.Sql\Infrastructure.Sql.csproj", "{EAEA1194-BBDC-487E-A34B-5C4F0CB7DFDC}"
EndProject
Project("{FAE04EC0-301F-11D3-BF4B-00C04F79EFBC}") = "Infrastructure.Sql.IntegrationTests", "Infrastructure.Sql.IntegrationTests\Infrastructure.Sql.IntegrationTests.csproj", "{D0EEF41F-7552-4514-81D8-1A835E65BFB5}"
EndProject
Project("{2150E333-8FDC-42A3-9474-1A3956D46DE8}") = "Registration", "Registration", "{81316E50-C916-4C9D-A292-80B266B2C3B3}"
EndProject
Project("{FAE04EC0-301F-11D3-BF4B-00C04F79EFBC}") = "Registration", "Registration\Registration.csproj", "{CFB14350-ED68-463B-8996-5F85477FB942}"
EndProject
Project("{FAE04EC0-301F-11D3-BF4B-00C04F79EFBC}") = "Registration.Contracts", "Registration.Contracts\Registration.Contracts.csproj", "{1DAC989C-2377-43C4-B6BA-67A32FD9299D}"
EndProject
Project("{2150E333-8FDC-42A3-9474-1A3956D46DE8}") = "Payments", "Payments", "{DA4C37E7-0ACC-48A5-B627-38FE525CE08D}"
EndProject
Project("{FAE04EC0-301F-11D3-BF4B-00C04F79EFBC}") = "Payments.Contracts", "Payments.Contracts\Payments.Contracts.csproj", "{B1221E0B-D379-4314-9DF6-08AB5B7BC123}"
EndProject
Project("{FAE04EC0-301F-11D3-BF4B-00C04F79EFBC}") = "Payments", "Payments\Payments.csproj", "{87F00A50-ECB1-4B40-AB19-2CF585D2A05E}"
EndProject
Project("{FAE04EC0-301F-11D3-BF4B-00C04F79EFBC}") = "Payments.Tests", "Payments.Tests\Payments.Tests.csproj", "{95B13251-B49D-4423-A1C9-7D4C3CFBAFD3}"
EndProject
Project("{FAE04EC0-301F-11D3-BF4B-00C04F79EFBC}") = "Registration.Tests", "Registration.Tests\Registration.Tests.csproj", "{F1BCD337-9FB2-4382-AD24-700D534810BF}"
EndProject
Project("{FAE04EC0-301F-11D3-BF4B-00C04F79EFBC}") = "Registration.IntegrationTests", "Registration.IntegrationTests\Registration.IntegrationTests.csproj", "{9C1A733F-C888-4F3F-A22A-9D3BCE665AC3}"
EndProject
Project("{FAE04EC0-301F-11D3-BF4B-00C04F79EFBC}") = "Conference.Web.Public", "Conference.Web.Public\Conference.Web.Public.csproj", "{8E7992B2-50C2-4554-BFE1-1A287C19501E}"
EndProject
Project("{FAE04EC0-301F-11D3-BF4B-00C04F79EFBC}") = "Conference.Web.Public.Tests", "Conference.Web.Public.Tests\Conference.Web.Public.Tests.csproj", "{C3FA9D8D-D544-4424-B3B3-8ED5080CF5F5}"
EndProject
Project("{FAE04EC0-301F-11D3-BF4B-00C04F79EFBC}") = "DatabaseInitializer", "DatabaseInitializer\DatabaseInitializer.csproj", "{89139A57-06DA-4977-8AAF-C7DF979E76EC}"
EndProject
Project("{FAE04EC0-301F-11D3-BF4B-00C04F79EFBC}") = "WorkerRoleCommandProcessor", "WorkerRoleCommandProcessor\WorkerRoleCommandProcessor.csproj", "{4F1AB8F8-6EBC-4FBD-ACA3-7DCB6601C49E}"
EndProject
Global
	GlobalSection(SolutionConfigurationPlatforms) = preSolution
		Debug|Any CPU = Debug|Any CPU
		Release|Any CPU = Release|Any CPU
	EndGlobalSection
	GlobalSection(ProjectConfigurationPlatforms) = postSolution
		{2FF53454-A945-4F9C-8059-56D2136955F1}.Debug|Any CPU.ActiveCfg = Debug|Any CPU
		{2FF53454-A945-4F9C-8059-56D2136955F1}.Debug|Any CPU.Build.0 = Debug|Any CPU
		{2FF53454-A945-4F9C-8059-56D2136955F1}.Release|Any CPU.ActiveCfg = Release|Any CPU
		{2FF53454-A945-4F9C-8059-56D2136955F1}.Release|Any CPU.Build.0 = Release|Any CPU
		{5D34BFEF-0671-43BB-8D24-7329BF44B5E5}.Debug|Any CPU.ActiveCfg = Debug|Any CPU
		{5D34BFEF-0671-43BB-8D24-7329BF44B5E5}.Debug|Any CPU.Build.0 = Debug|Any CPU
		{5D34BFEF-0671-43BB-8D24-7329BF44B5E5}.Release|Any CPU.ActiveCfg = Release|Any CPU
		{5D34BFEF-0671-43BB-8D24-7329BF44B5E5}.Release|Any CPU.Build.0 = Release|Any CPU
		{4677D1A3-E84C-491A-85C1-1071F9D7B529}.Debug|Any CPU.ActiveCfg = Debug|Any CPU
		{4677D1A3-E84C-491A-85C1-1071F9D7B529}.Debug|Any CPU.Build.0 = Debug|Any CPU
		{4677D1A3-E84C-491A-85C1-1071F9D7B529}.Release|Any CPU.ActiveCfg = Release|Any CPU
		{4677D1A3-E84C-491A-85C1-1071F9D7B529}.Release|Any CPU.Build.0 = Release|Any CPU
		{2BB0661A-7AD4-4AC5-AF27-B5E88D4CF5A1}.Debug|Any CPU.ActiveCfg = Debug|Any CPU
		{2BB0661A-7AD4-4AC5-AF27-B5E88D4CF5A1}.Debug|Any CPU.Build.0 = Debug|Any CPU
		{2BB0661A-7AD4-4AC5-AF27-B5E88D4CF5A1}.Release|Any CPU.ActiveCfg = Release|Any CPU
		{2BB0661A-7AD4-4AC5-AF27-B5E88D4CF5A1}.Release|Any CPU.Build.0 = Release|Any CPU
		{B0676145-5B60-4702-A490-3109B2C22874}.Debug|Any CPU.ActiveCfg = Debug|Any CPU
		{B0676145-5B60-4702-A490-3109B2C22874}.Debug|Any CPU.Build.0 = Debug|Any CPU
		{B0676145-5B60-4702-A490-3109B2C22874}.Release|Any CPU.ActiveCfg = Release|Any CPU
		{B0676145-5B60-4702-A490-3109B2C22874}.Release|Any CPU.Build.0 = Release|Any CPU
		{B62325D2-0D3B-4510-9A4C-FD1E8F4094BB}.Debug|Any CPU.ActiveCfg = Debug|Any CPU
		{B62325D2-0D3B-4510-9A4C-FD1E8F4094BB}.Debug|Any CPU.Build.0 = Debug|Any CPU
		{B62325D2-0D3B-4510-9A4C-FD1E8F4094BB}.Release|Any CPU.ActiveCfg = Release|Any CPU
		{B62325D2-0D3B-4510-9A4C-FD1E8F4094BB}.Release|Any CPU.Build.0 = Release|Any CPU
		{49EC4B38-E946-4114-9DFD-1BEFDC88F5F1}.Debug|Any CPU.ActiveCfg = Debug|Any CPU
		{49EC4B38-E946-4114-9DFD-1BEFDC88F5F1}.Debug|Any CPU.Build.0 = Debug|Any CPU
		{49EC4B38-E946-4114-9DFD-1BEFDC88F5F1}.Release|Any CPU.ActiveCfg = Release|Any CPU
		{49EC4B38-E946-4114-9DFD-1BEFDC88F5F1}.Release|Any CPU.Build.0 = Release|Any CPU
		{EAEA1194-BBDC-487E-A34B-5C4F0CB7DFDC}.Debug|Any CPU.ActiveCfg = Debug|Any CPU
		{EAEA1194-BBDC-487E-A34B-5C4F0CB7DFDC}.Debug|Any CPU.Build.0 = Debug|Any CPU
		{EAEA1194-BBDC-487E-A34B-5C4F0CB7DFDC}.Release|Any CPU.ActiveCfg = Release|Any CPU
		{EAEA1194-BBDC-487E-A34B-5C4F0CB7DFDC}.Release|Any CPU.Build.0 = Release|Any CPU
		{D0EEF41F-7552-4514-81D8-1A835E65BFB5}.Debug|Any CPU.ActiveCfg = Debug|Any CPU
		{D0EEF41F-7552-4514-81D8-1A835E65BFB5}.Debug|Any CPU.Build.0 = Debug|Any CPU
		{D0EEF41F-7552-4514-81D8-1A835E65BFB5}.Release|Any CPU.ActiveCfg = Release|Any CPU
		{D0EEF41F-7552-4514-81D8-1A835E65BFB5}.Release|Any CPU.Build.0 = Release|Any CPU
		{CFB14350-ED68-463B-8996-5F85477FB942}.Debug|Any CPU.ActiveCfg = Debug|Any CPU
		{CFB14350-ED68-463B-8996-5F85477FB942}.Debug|Any CPU.Build.0 = Debug|Any CPU
		{CFB14350-ED68-463B-8996-5F85477FB942}.Release|Any CPU.ActiveCfg = Release|Any CPU
		{CFB14350-ED68-463B-8996-5F85477FB942}.Release|Any CPU.Build.0 = Release|Any CPU
		{1DAC989C-2377-43C4-B6BA-67A32FD9299D}.Debug|Any CPU.ActiveCfg = Debug|Any CPU
		{1DAC989C-2377-43C4-B6BA-67A32FD9299D}.Debug|Any CPU.Build.0 = Debug|Any CPU
		{1DAC989C-2377-43C4-B6BA-67A32FD9299D}.Release|Any CPU.ActiveCfg = Release|Any CPU
		{1DAC989C-2377-43C4-B6BA-67A32FD9299D}.Release|Any CPU.Build.0 = Release|Any CPU
		{B1221E0B-D379-4314-9DF6-08AB5B7BC123}.Debug|Any CPU.ActiveCfg = Debug|Any CPU
		{B1221E0B-D379-4314-9DF6-08AB5B7BC123}.Debug|Any CPU.Build.0 = Debug|Any CPU
		{B1221E0B-D379-4314-9DF6-08AB5B7BC123}.Release|Any CPU.ActiveCfg = Release|Any CPU
		{B1221E0B-D379-4314-9DF6-08AB5B7BC123}.Release|Any CPU.Build.0 = Release|Any CPU
		{87F00A50-ECB1-4B40-AB19-2CF585D2A05E}.Debug|Any CPU.ActiveCfg = Debug|Any CPU
		{87F00A50-ECB1-4B40-AB19-2CF585D2A05E}.Debug|Any CPU.Build.0 = Debug|Any CPU
		{87F00A50-ECB1-4B40-AB19-2CF585D2A05E}.Release|Any CPU.ActiveCfg = Release|Any CPU
		{87F00A50-ECB1-4B40-AB19-2CF585D2A05E}.Release|Any CPU.Build.0 = Release|Any CPU
		{95B13251-B49D-4423-A1C9-7D4C3CFBAFD3}.Debug|Any CPU.ActiveCfg = Debug|Any CPU
		{95B13251-B49D-4423-A1C9-7D4C3CFBAFD3}.Debug|Any CPU.Build.0 = Debug|Any CPU
		{95B13251-B49D-4423-A1C9-7D4C3CFBAFD3}.Release|Any CPU.ActiveCfg = Release|Any CPU
		{95B13251-B49D-4423-A1C9-7D4C3CFBAFD3}.Release|Any CPU.Build.0 = Release|Any CPU
		{F1BCD337-9FB2-4382-AD24-700D534810BF}.Debug|Any CPU.ActiveCfg = Debug|Any CPU
		{F1BCD337-9FB2-4382-AD24-700D534810BF}.Debug|Any CPU.Build.0 = Debug|Any CPU
		{F1BCD337-9FB2-4382-AD24-700D534810BF}.Release|Any CPU.ActiveCfg = Release|Any CPU
		{F1BCD337-9FB2-4382-AD24-700D534810BF}.Release|Any CPU.Build.0 = Release|Any CPU
		{9C1A733F-C888-4F3F-A22A-9D3BCE665AC3}.Debug|Any CPU.ActiveCfg = Debug|Any CPU
		{9C1A733F-C888-4F3F-A22A-9D3BCE665AC3}.Debug|Any CPU.Build.0 = Debug|Any CPU
		{9C1A733F-C888-4F3F-A22A-9D3BCE665AC3}.Release|Any CPU.ActiveCfg = Release|Any CPU
		{9C1A733F-C888-4F3F-A22A-9D3BCE665AC3}.Release|Any CPU.Build.0 = Release|Any CPU
		{8E7992B2-50C2-4554-BFE1-1A287C19501E}.Debug|Any CPU.ActiveCfg = Debug|Any CPU
		{8E7992B2-50C2-4554-BFE1-1A287C19501E}.Debug|Any CPU.Build.0 = Debug|Any CPU
		{8E7992B2-50C2-4554-BFE1-1A287C19501E}.Release|Any CPU.ActiveCfg = Release|Any CPU
		{8E7992B2-50C2-4554-BFE1-1A287C19501E}.Release|Any CPU.Build.0 = Release|Any CPU
		{C3FA9D8D-D544-4424-B3B3-8ED5080CF5F5}.Debug|Any CPU.ActiveCfg = Debug|Any CPU
		{C3FA9D8D-D544-4424-B3B3-8ED5080CF5F5}.Debug|Any CPU.Build.0 = Debug|Any CPU
		{C3FA9D8D-D544-4424-B3B3-8ED5080CF5F5}.Release|Any CPU.ActiveCfg = Release|Any CPU
		{C3FA9D8D-D544-4424-B3B3-8ED5080CF5F5}.Release|Any CPU.Build.0 = Release|Any CPU
		{89139A57-06DA-4977-8AAF-C7DF979E76EC}.Debug|Any CPU.ActiveCfg = Debug|Any CPU
		{89139A57-06DA-4977-8AAF-C7DF979E76EC}.Debug|Any CPU.Build.0 = Debug|Any CPU
		{89139A57-06DA-4977-8AAF-C7DF979E76EC}.Release|Any CPU.ActiveCfg = Release|Any CPU
		{89139A57-06DA-4977-8AAF-C7DF979E76EC}.Release|Any CPU.Build.0 = Release|Any CPU
		{4F1AB8F8-6EBC-4FBD-ACA3-7DCB6601C49E}.Debug|Any CPU.ActiveCfg = Debug|Any CPU
		{4F1AB8F8-6EBC-4FBD-ACA3-7DCB6601C49E}.Debug|Any CPU.Build.0 = Debug|Any CPU
		{4F1AB8F8-6EBC-4FBD-ACA3-7DCB6601C49E}.Release|Any CPU.ActiveCfg = Release|Any CPU
		{4F1AB8F8-6EBC-4FBD-ACA3-7DCB6601C49E}.Release|Any CPU.Build.0 = Release|Any CPU
	EndGlobalSection
	GlobalSection(SolutionProperties) = preSolution
		HideSolutionNode = FALSE
	EndGlobalSection
	GlobalSection(NestedProjects) = preSolution
		{2FF53454-A945-4F9C-8059-56D2136955F1} = {C73C67CA-77D4-4EBC-B5FE-38CD408EF39B}
		{5D34BFEF-0671-43BB-8D24-7329BF44B5E5} = {C73C67CA-77D4-4EBC-B5FE-38CD408EF39B}
		{2BB0661A-7AD4-4AC5-AF27-B5E88D4CF5A1} = {AE1F08F4-6911-4330-8DF0-01FB75AE9B70}
		{B0676145-5B60-4702-A490-3109B2C22874} = {C73C67CA-77D4-4EBC-B5FE-38CD408EF39B}
		{B62325D2-0D3B-4510-9A4C-FD1E8F4094BB} = {C73C67CA-77D4-4EBC-B5FE-38CD408EF39B}
		{49EC4B38-E946-4114-9DFD-1BEFDC88F5F1} = {AE1F08F4-6911-4330-8DF0-01FB75AE9B70}
		{EAEA1194-BBDC-487E-A34B-5C4F0CB7DFDC} = {AE1F08F4-6911-4330-8DF0-01FB75AE9B70}
		{D0EEF41F-7552-4514-81D8-1A835E65BFB5} = {AE1F08F4-6911-4330-8DF0-01FB75AE9B70}
		{CFB14350-ED68-463B-8996-5F85477FB942} = {81316E50-C916-4C9D-A292-80B266B2C3B3}
		{1DAC989C-2377-43C4-B6BA-67A32FD9299D} = {81316E50-C916-4C9D-A292-80B266B2C3B3}
		{B1221E0B-D379-4314-9DF6-08AB5B7BC123} = {DA4C37E7-0ACC-48A5-B627-38FE525CE08D}
		{87F00A50-ECB1-4B40-AB19-2CF585D2A05E} = {DA4C37E7-0ACC-48A5-B627-38FE525CE08D}
		{95B13251-B49D-4423-A1C9-7D4C3CFBAFD3} = {DA4C37E7-0ACC-48A5-B627-38FE525CE08D}
		{F1BCD337-9FB2-4382-AD24-700D534810BF} = {81316E50-C916-4C9D-A292-80B266B2C3B3}
		{9C1A733F-C888-4F3F-A22A-9D3BCE665AC3} = {81316E50-C916-4C9D-A292-80B266B2C3B3}
	EndGlobalSection
EndGlobal
